
Microsoft Visual Studio Solution File, Format Version 12.00
# Visual Studio 14
VisualStudioVersion = 14.0.25420.1
MinimumVisualStudioVersion = 10.0.40219.1
Project("{FAE04EC0-301F-11D3-BF4B-00C04F79EFBC}") = "LaQuiz.Droid", "LaQuiz\LaQuiz.Droid\LaQuiz.Droid.csproj", "{2764E13F-5BD1-4554-AF1E-13E03A6A36FF}"
EndProject
Project("{FAE04EC0-301F-11D3-BF4B-00C04F79EFBC}") = "LaQuiz.iOS", "LaQuiz\LaQuiz.iOS\LaQuiz.iOS.csproj", "{F99B54C2-BB98-4C3D-B5CA-8DDA7DE2E209}"
EndProject
Project("{FAE04EC0-301F-11D3-BF4B-00C04F79EFBC}") = "LaQuiz.WinPhone", "LaQuiz\LaQuiz.WinPhone\LaQuiz.WinPhone.csproj", "{21DCB04D-F433-4346-8410-CF1420058D03}"
EndProject
Project("{FAE04EC0-301F-11D3-BF4B-00C04F79EFBC}") = "LaQuiz.UWP", "LaQuiz\LaQuiz.UWP\LaQuiz.UWP.csproj", "{D7DD3773-0BF3-40F2-826C-6E3D0600D00D}"
EndProject
Project("{FAE04EC0-301F-11D3-BF4B-00C04F79EFBC}") = "LaQuiz.Windows", "LaQuiz\LaQuiz.Windows\LaQuiz.Windows.csproj", "{BD4054E0-F843-4DEE-9027-C1732F0C7932}"
EndProject
Project("{FAE04EC0-301F-11D3-BF4B-00C04F79EFBC}") = "LaQuiz", "LaQuiz\LaQuiz\LaQuiz.csproj", "{7D157C3D-4539-4903-AB77-841305224A6F}"
EndProject
Global
	GlobalSection(SolutionConfigurationPlatforms) = preSolution
		Ad-Hoc|Any CPU = Ad-Hoc|Any CPU
		Ad-Hoc|ARM = Ad-Hoc|ARM
		Ad-Hoc|iPhone = Ad-Hoc|iPhone
		Ad-Hoc|iPhoneSimulator = Ad-Hoc|iPhoneSimulator
		Ad-Hoc|x64 = Ad-Hoc|x64
		Ad-Hoc|x86 = Ad-Hoc|x86
		AppStore|Any CPU = AppStore|Any CPU
		AppStore|ARM = AppStore|ARM
		AppStore|iPhone = AppStore|iPhone
		AppStore|iPhoneSimulator = AppStore|iPhoneSimulator
		AppStore|x64 = AppStore|x64
		AppStore|x86 = AppStore|x86
		Debug|Any CPU = Debug|Any CPU
		Debug|ARM = Debug|ARM
		Debug|iPhone = Debug|iPhone
		Debug|iPhoneSimulator = Debug|iPhoneSimulator
		Debug|x64 = Debug|x64
		Debug|x86 = Debug|x86
		Release|Any CPU = Release|Any CPU
		Release|ARM = Release|ARM
		Release|iPhone = Release|iPhone
		Release|iPhoneSimulator = Release|iPhoneSimulator
		Release|x64 = Release|x64
		Release|x86 = Release|x86
	EndGlobalSection
	GlobalSection(ProjectConfigurationPlatforms) = postSolution
		{2764E13F-5BD1-4554-AF1E-13E03A6A36FF}.Ad-Hoc|Any CPU.ActiveCfg = Release|Any CPU
		{2764E13F-5BD1-4554-AF1E-13E03A6A36FF}.Ad-Hoc|Any CPU.Build.0 = Release|Any CPU
		{2764E13F-5BD1-4554-AF1E-13E03A6A36FF}.Ad-Hoc|Any CPU.Deploy.0 = Release|Any CPU
		{2764E13F-5BD1-4554-AF1E-13E03A6A36FF}.Ad-Hoc|ARM.ActiveCfg = Release|Any CPU
		{2764E13F-5BD1-4554-AF1E-13E03A6A36FF}.Ad-Hoc|ARM.Build.0 = Release|Any CPU
		{2764E13F-5BD1-4554-AF1E-13E03A6A36FF}.Ad-Hoc|ARM.Deploy.0 = Release|Any CPU
		{2764E13F-5BD1-4554-AF1E-13E03A6A36FF}.Ad-Hoc|iPhone.ActiveCfg = Release|Any CPU
		{2764E13F-5BD1-4554-AF1E-13E03A6A36FF}.Ad-Hoc|iPhone.Build.0 = Release|Any CPU
		{2764E13F-5BD1-4554-AF1E-13E03A6A36FF}.Ad-Hoc|iPhone.Deploy.0 = Release|Any CPU
		{2764E13F-5BD1-4554-AF1E-13E03A6A36FF}.Ad-Hoc|iPhoneSimulator.ActiveCfg = Release|Any CPU
		{2764E13F-5BD1-4554-AF1E-13E03A6A36FF}.Ad-Hoc|iPhoneSimulator.Build.0 = Release|Any CPU
		{2764E13F-5BD1-4554-AF1E-13E03A6A36FF}.Ad-Hoc|iPhoneSimulator.Deploy.0 = Release|Any CPU
		{2764E13F-5BD1-4554-AF1E-13E03A6A36FF}.Ad-Hoc|x64.ActiveCfg = Release|Any CPU
		{2764E13F-5BD1-4554-AF1E-13E03A6A36FF}.Ad-Hoc|x64.Build.0 = Release|Any CPU
		{2764E13F-5BD1-4554-AF1E-13E03A6A36FF}.Ad-Hoc|x64.Deploy.0 = Release|Any CPU
		{2764E13F-5BD1-4554-AF1E-13E03A6A36FF}.Ad-Hoc|x86.ActiveCfg = Release|Any CPU
		{2764E13F-5BD1-4554-AF1E-13E03A6A36FF}.Ad-Hoc|x86.Build.0 = Release|Any CPU
		{2764E13F-5BD1-4554-AF1E-13E03A6A36FF}.Ad-Hoc|x86.Deploy.0 = Release|Any CPU
		{2764E13F-5BD1-4554-AF1E-13E03A6A36FF}.AppStore|Any CPU.ActiveCfg = Release|Any CPU
		{2764E13F-5BD1-4554-AF1E-13E03A6A36FF}.AppStore|Any CPU.Build.0 = Release|Any CPU
		{2764E13F-5BD1-4554-AF1E-13E03A6A36FF}.AppStore|Any CPU.Deploy.0 = Release|Any CPU
		{2764E13F-5BD1-4554-AF1E-13E03A6A36FF}.AppStore|ARM.ActiveCfg = Release|Any CPU
		{2764E13F-5BD1-4554-AF1E-13E03A6A36FF}.AppStore|ARM.Build.0 = Release|Any CPU
		{2764E13F-5BD1-4554-AF1E-13E03A6A36FF}.AppStore|ARM.Deploy.0 = Release|Any CPU
		{2764E13F-5BD1-4554-AF1E-13E03A6A36FF}.AppStore|iPhone.ActiveCfg = Release|Any CPU
		{2764E13F-5BD1-4554-AF1E-13E03A6A36FF}.AppStore|iPhone.Build.0 = Release|Any CPU
		{2764E13F-5BD1-4554-AF1E-13E03A6A36FF}.AppStore|iPhone.Deploy.0 = Release|Any CPU
		{2764E13F-5BD1-4554-AF1E-13E03A6A36FF}.AppStore|iPhoneSimulator.ActiveCfg = Release|Any CPU
		{2764E13F-5BD1-4554-AF1E-13E03A6A36FF}.AppStore|iPhoneSimulator.Build.0 = Release|Any CPU
		{2764E13F-5BD1-4554-AF1E-13E03A6A36FF}.AppStore|iPhoneSimulator.Deploy.0 = Release|Any CPU
		{2764E13F-5BD1-4554-AF1E-13E03A6A36FF}.AppStore|x64.ActiveCfg = Release|Any CPU
		{2764E13F-5BD1-4554-AF1E-13E03A6A36FF}.AppStore|x64.Build.0 = Release|Any CPU
		{2764E13F-5BD1-4554-AF1E-13E03A6A36FF}.AppStore|x64.Deploy.0 = Release|Any CPU
		{2764E13F-5BD1-4554-AF1E-13E03A6A36FF}.AppStore|x86.ActiveCfg = Release|Any CPU
		{2764E13F-5BD1-4554-AF1E-13E03A6A36FF}.AppStore|x86.Build.0 = Release|Any CPU
		{2764E13F-5BD1-4554-AF1E-13E03A6A36FF}.AppStore|x86.Deploy.0 = Release|Any CPU
		{2764E13F-5BD1-4554-AF1E-13E03A6A36FF}.Debug|Any CPU.ActiveCfg = Debug|Any CPU
		{2764E13F-5BD1-4554-AF1E-13E03A6A36FF}.Debug|Any CPU.Build.0 = Debug|Any CPU
		{2764E13F-5BD1-4554-AF1E-13E03A6A36FF}.Debug|Any CPU.Deploy.0 = Debug|Any CPU
		{2764E13F-5BD1-4554-AF1E-13E03A6A36FF}.Debug|ARM.ActiveCfg = Debug|Any CPU
		{2764E13F-5BD1-4554-AF1E-13E03A6A36FF}.Debug|ARM.Build.0 = Debug|Any CPU
		{2764E13F-5BD1-4554-AF1E-13E03A6A36FF}.Debug|ARM.Deploy.0 = Debug|Any CPU
		{2764E13F-5BD1-4554-AF1E-13E03A6A36FF}.Debug|iPhone.ActiveCfg = Debug|Any CPU
		{2764E13F-5BD1-4554-AF1E-13E03A6A36FF}.Debug|iPhone.Build.0 = Debug|Any CPU
		{2764E13F-5BD1-4554-AF1E-13E03A6A36FF}.Debug|iPhone.Deploy.0 = Debug|Any CPU
		{2764E13F-5BD1-4554-AF1E-13E03A6A36FF}.Debug|iPhoneSimulator.ActiveCfg = Debug|Any CPU
		{2764E13F-5BD1-4554-AF1E-13E03A6A36FF}.Debug|iPhoneSimulator.Build.0 = Debug|Any CPU
		{2764E13F-5BD1-4554-AF1E-13E03A6A36FF}.Debug|iPhoneSimulator.Deploy.0 = Debug|Any CPU
		{2764E13F-5BD1-4554-AF1E-13E03A6A36FF}.Debug|x64.ActiveCfg = Debug|Any CPU
		{2764E13F-5BD1-4554-AF1E-13E03A6A36FF}.Debug|x64.Build.0 = Debug|Any CPU
		{2764E13F-5BD1-4554-AF1E-13E03A6A36FF}.Debug|x64.Deploy.0 = Debug|Any CPU
		{2764E13F-5BD1-4554-AF1E-13E03A6A36FF}.Debug|x86.ActiveCfg = Debug|Any CPU
		{2764E13F-5BD1-4554-AF1E-13E03A6A36FF}.Debug|x86.Build.0 = Debug|Any CPU
		{2764E13F-5BD1-4554-AF1E-13E03A6A36FF}.Debug|x86.Deploy.0 = Debug|Any CPU
		{2764E13F-5BD1-4554-AF1E-13E03A6A36FF}.Release|Any CPU.ActiveCfg = Release|Any CPU
		{2764E13F-5BD1-4554-AF1E-13E03A6A36FF}.Release|Any CPU.Build.0 = Release|Any CPU
		{2764E13F-5BD1-4554-AF1E-13E03A6A36FF}.Release|Any CPU.Deploy.0 = Release|Any CPU
		{2764E13F-5BD1-4554-AF1E-13E03A6A36FF}.Release|ARM.ActiveCfg = Release|Any CPU
		{2764E13F-5BD1-4554-AF1E-13E03A6A36FF}.Release|ARM.Build.0 = Release|Any CPU
		{2764E13F-5BD1-4554-AF1E-13E03A6A36FF}.Release|ARM.Deploy.0 = Release|Any CPU
		{2764E13F-5BD1-4554-AF1E-13E03A6A36FF}.Release|iPhone.ActiveCfg = Release|Any CPU
		{2764E13F-5BD1-4554-AF1E-13E03A6A36FF}.Release|iPhone.Build.0 = Release|Any CPU
		{2764E13F-5BD1-4554-AF1E-13E03A6A36FF}.Release|iPhone.Deploy.0 = Release|Any CPU
		{2764E13F-5BD1-4554-AF1E-13E03A6A36FF}.Release|iPhoneSimulator.ActiveCfg = Release|Any CPU
		{2764E13F-5BD1-4554-AF1E-13E03A6A36FF}.Release|iPhoneSimulator.Build.0 = Release|Any CPU
		{2764E13F-5BD1-4554-AF1E-13E03A6A36FF}.Release|iPhoneSimulator.Deploy.0 = Release|Any CPU
		{2764E13F-5BD1-4554-AF1E-13E03A6A36FF}.Release|x64.ActiveCfg = Release|Any CPU
		{2764E13F-5BD1-4554-AF1E-13E03A6A36FF}.Release|x64.Build.0 = Release|Any CPU
		{2764E13F-5BD1-4554-AF1E-13E03A6A36FF}.Release|x64.Deploy.0 = Release|Any CPU
		{2764E13F-5BD1-4554-AF1E-13E03A6A36FF}.Release|x86.ActiveCfg = Release|Any CPU
		{2764E13F-5BD1-4554-AF1E-13E03A6A36FF}.Release|x86.Build.0 = Release|Any CPU
		{2764E13F-5BD1-4554-AF1E-13E03A6A36FF}.Release|x86.Deploy.0 = Release|Any CPU
		{F99B54C2-BB98-4C3D-B5CA-8DDA7DE2E209}.Ad-Hoc|Any CPU.ActiveCfg = Ad-Hoc|iPhone
		{F99B54C2-BB98-4C3D-B5CA-8DDA7DE2E209}.Ad-Hoc|ARM.ActiveCfg = Ad-Hoc|iPhone
		{F99B54C2-BB98-4C3D-B5CA-8DDA7DE2E209}.Ad-Hoc|iPhone.ActiveCfg = Ad-Hoc|iPhone
		{F99B54C2-BB98-4C3D-B5CA-8DDA7DE2E209}.Ad-Hoc|iPhone.Build.0 = Ad-Hoc|iPhone
		{F99B54C2-BB98-4C3D-B5CA-8DDA7DE2E209}.Ad-Hoc|iPhoneSimulator.ActiveCfg = Ad-Hoc|iPhoneSimulator
		{F99B54C2-BB98-4C3D-B5CA-8DDA7DE2E209}.Ad-Hoc|iPhoneSimulator.Build.0 = Ad-Hoc|iPhoneSimulator
		{F99B54C2-BB98-4C3D-B5CA-8DDA7DE2E209}.Ad-Hoc|x64.ActiveCfg = Ad-Hoc|iPhone
		{F99B54C2-BB98-4C3D-B5CA-8DDA7DE2E209}.Ad-Hoc|x86.ActiveCfg = Ad-Hoc|iPhone
		{F99B54C2-BB98-4C3D-B5CA-8DDA7DE2E209}.AppStore|Any CPU.ActiveCfg = AppStore|iPhone
		{F99B54C2-BB98-4C3D-B5CA-8DDA7DE2E209}.AppStore|ARM.ActiveCfg = AppStore|iPhone
		{F99B54C2-BB98-4C3D-B5CA-8DDA7DE2E209}.AppStore|iPhone.ActiveCfg = AppStore|iPhone
		{F99B54C2-BB98-4C3D-B5CA-8DDA7DE2E209}.AppStore|iPhone.Build.0 = AppStore|iPhone
		{F99B54C2-BB98-4C3D-B5CA-8DDA7DE2E209}.AppStore|iPhoneSimulator.ActiveCfg = AppStore|iPhoneSimulator
		{F99B54C2-BB98-4C3D-B5CA-8DDA7DE2E209}.AppStore|iPhoneSimulator.Build.0 = AppStore|iPhoneSimulator
		{F99B54C2-BB98-4C3D-B5CA-8DDA7DE2E209}.AppStore|x64.ActiveCfg = AppStore|iPhone
		{F99B54C2-BB98-4C3D-B5CA-8DDA7DE2E209}.AppStore|x86.ActiveCfg = AppStore|iPhone
		{F99B54C2-BB98-4C3D-B5CA-8DDA7DE2E209}.Debug|Any CPU.ActiveCfg = Debug|iPhone
		{F99B54C2-BB98-4C3D-B5CA-8DDA7DE2E209}.Debug|ARM.ActiveCfg = Debug|iPhone
		{F99B54C2-BB98-4C3D-B5CA-8DDA7DE2E209}.Debug|iPhone.ActiveCfg = Debug|iPhone
		{F99B54C2-BB98-4C3D-B5CA-8DDA7DE2E209}.Debug|iPhone.Build.0 = Debug|iPhone
		{F99B54C2-BB98-4C3D-B5CA-8DDA7DE2E209}.Debug|iPhoneSimulator.ActiveCfg = Debug|iPhoneSimulator
		{F99B54C2-BB98-4C3D-B5CA-8DDA7DE2E209}.Debug|iPhoneSimulator.Build.0 = Debug|iPhoneSimulator
		{F99B54C2-BB98-4C3D-B5CA-8DDA7DE2E209}.Debug|x64.ActiveCfg = Debug|iPhone
		{F99B54C2-BB98-4C3D-B5CA-8DDA7DE2E209}.Debug|x86.ActiveCfg = Debug|iPhone
		{F99B54C2-BB98-4C3D-B5CA-8DDA7DE2E209}.Release|Any CPU.ActiveCfg = Release|iPhone
		{F99B54C2-BB98-4C3D-B5CA-8DDA7DE2E209}.Release|ARM.ActiveCfg = Release|iPhone
		{F99B54C2-BB98-4C3D-B5CA-8DDA7DE2E209}.Release|iPhone.ActiveCfg = Release|iPhone
		{F99B54C2-BB98-4C3D-B5CA-8DDA7DE2E209}.Release|iPhone.Build.0 = Release|iPhone
		{F99B54C2-BB98-4C3D-B5CA-8DDA7DE2E209}.Release|iPhoneSimulator.ActiveCfg = Release|iPhoneSimulator
		{F99B54C2-BB98-4C3D-B5CA-8DDA7DE2E209}.Release|iPhoneSimulator.Build.0 = Release|iPhoneSimulator
		{F99B54C2-BB98-4C3D-B5CA-8DDA7DE2E209}.Release|x64.ActiveCfg = Release|iPhone
		{F99B54C2-BB98-4C3D-B5CA-8DDA7DE2E209}.Release|x86.ActiveCfg = Release|iPhone
		{21DCB04D-F433-4346-8410-CF1420058D03}.Ad-Hoc|Any CPU.ActiveCfg = Release|Any CPU
		{21DCB04D-F433-4346-8410-CF1420058D03}.Ad-Hoc|Any CPU.Build.0 = Release|Any CPU
		{21DCB04D-F433-4346-8410-CF1420058D03}.Ad-Hoc|Any CPU.Deploy.0 = Release|Any CPU
		{21DCB04D-F433-4346-8410-CF1420058D03}.Ad-Hoc|ARM.ActiveCfg = Release|ARM
		{21DCB04D-F433-4346-8410-CF1420058D03}.Ad-Hoc|ARM.Build.0 = Release|ARM
		{21DCB04D-F433-4346-8410-CF1420058D03}.Ad-Hoc|ARM.Deploy.0 = Release|ARM
		{21DCB04D-F433-4346-8410-CF1420058D03}.Ad-Hoc|iPhone.ActiveCfg = Release|Any CPU
		{21DCB04D-F433-4346-8410-CF1420058D03}.Ad-Hoc|iPhone.Build.0 = Release|Any CPU
		{21DCB04D-F433-4346-8410-CF1420058D03}.Ad-Hoc|iPhone.Deploy.0 = Release|Any CPU
		{21DCB04D-F433-4346-8410-CF1420058D03}.Ad-Hoc|iPhoneSimulator.ActiveCfg = Release|Any CPU
		{21DCB04D-F433-4346-8410-CF1420058D03}.Ad-Hoc|iPhoneSimulator.Build.0 = Release|Any CPU
		{21DCB04D-F433-4346-8410-CF1420058D03}.Ad-Hoc|iPhoneSimulator.Deploy.0 = Release|Any CPU
		{21DCB04D-F433-4346-8410-CF1420058D03}.Ad-Hoc|x64.ActiveCfg = Release|Any CPU
		{21DCB04D-F433-4346-8410-CF1420058D03}.Ad-Hoc|x64.Build.0 = Release|Any CPU
		{21DCB04D-F433-4346-8410-CF1420058D03}.Ad-Hoc|x64.Deploy.0 = Release|Any CPU
		{21DCB04D-F433-4346-8410-CF1420058D03}.Ad-Hoc|x86.ActiveCfg = Release|x86
		{21DCB04D-F433-4346-8410-CF1420058D03}.Ad-Hoc|x86.Build.0 = Release|x86
		{21DCB04D-F433-4346-8410-CF1420058D03}.Ad-Hoc|x86.Deploy.0 = Release|x86
		{21DCB04D-F433-4346-8410-CF1420058D03}.AppStore|Any CPU.ActiveCfg = Release|Any CPU
		{21DCB04D-F433-4346-8410-CF1420058D03}.AppStore|Any CPU.Build.0 = Release|Any CPU
		{21DCB04D-F433-4346-8410-CF1420058D03}.AppStore|Any CPU.Deploy.0 = Release|Any CPU
		{21DCB04D-F433-4346-8410-CF1420058D03}.AppStore|ARM.ActiveCfg = Release|ARM
		{21DCB04D-F433-4346-8410-CF1420058D03}.AppStore|ARM.Build.0 = Release|ARM
		{21DCB04D-F433-4346-8410-CF1420058D03}.AppStore|ARM.Deploy.0 = Release|ARM
		{21DCB04D-F433-4346-8410-CF1420058D03}.AppStore|iPhone.ActiveCfg = Release|Any CPU
		{21DCB04D-F433-4346-8410-CF1420058D03}.AppStore|iPhone.Build.0 = Release|Any CPU
		{21DCB04D-F433-4346-8410-CF1420058D03}.AppStore|iPhone.Deploy.0 = Release|Any CPU
		{21DCB04D-F433-4346-8410-CF1420058D03}.AppStore|iPhoneSimulator.ActiveCfg = Release|Any CPU
		{21DCB04D-F433-4346-8410-CF1420058D03}.AppStore|iPhoneSimulator.Build.0 = Release|Any CPU
		{21DCB04D-F433-4346-8410-CF1420058D03}.AppStore|iPhoneSimulator.Deploy.0 = Release|Any CPU
		{21DCB04D-F433-4346-8410-CF1420058D03}.AppStore|x64.ActiveCfg = Release|Any CPU
		{21DCB04D-F433-4346-8410-CF1420058D03}.AppStore|x64.Build.0 = Release|Any CPU
		{21DCB04D-F433-4346-8410-CF1420058D03}.AppStore|x64.Deploy.0 = Release|Any CPU
		{21DCB04D-F433-4346-8410-CF1420058D03}.AppStore|x86.ActiveCfg = Release|x86
		{21DCB04D-F433-4346-8410-CF1420058D03}.AppStore|x86.Build.0 = Release|x86
		{21DCB04D-F433-4346-8410-CF1420058D03}.AppStore|x86.Deploy.0 = Release|x86
		{21DCB04D-F433-4346-8410-CF1420058D03}.Debug|Any CPU.ActiveCfg = Debug|Any CPU
		{21DCB04D-F433-4346-8410-CF1420058D03}.Debug|Any CPU.Build.0 = Debug|Any CPU
		{21DCB04D-F433-4346-8410-CF1420058D03}.Debug|Any CPU.Deploy.0 = Debug|Any CPU
		{21DCB04D-F433-4346-8410-CF1420058D03}.Debug|ARM.ActiveCfg = Debug|ARM
		{21DCB04D-F433-4346-8410-CF1420058D03}.Debug|ARM.Build.0 = Debug|ARM
		{21DCB04D-F433-4346-8410-CF1420058D03}.Debug|ARM.Deploy.0 = Debug|ARM
		{21DCB04D-F433-4346-8410-CF1420058D03}.Debug|iPhone.ActiveCfg = Debug|Any CPU
		{21DCB04D-F433-4346-8410-CF1420058D03}.Debug|iPhone.Build.0 = Debug|Any CPU
		{21DCB04D-F433-4346-8410-CF1420058D03}.Debug|iPhone.Deploy.0 = Debug|Any CPU
		{21DCB04D-F433-4346-8410-CF1420058D03}.Debug|iPhoneSimulator.ActiveCfg = Debug|Any CPU
		{21DCB04D-F433-4346-8410-CF1420058D03}.Debug|iPhoneSimulator.Build.0 = Debug|Any CPU
		{21DCB04D-F433-4346-8410-CF1420058D03}.Debug|iPhoneSimulator.Deploy.0 = Debug|Any CPU
		{21DCB04D-F433-4346-8410-CF1420058D03}.Debug|x64.ActiveCfg = Debug|Any CPU
		{21DCB04D-F433-4346-8410-CF1420058D03}.Debug|x64.Build.0 = Debug|Any CPU
		{21DCB04D-F433-4346-8410-CF1420058D03}.Debug|x64.Deploy.0 = Debug|Any CPU
		{21DCB04D-F433-4346-8410-CF1420058D03}.Debug|x86.ActiveCfg = Debug|x86
		{21DCB04D-F433-4346-8410-CF1420058D03}.Debug|x86.Build.0 = Debug|x86
		{21DCB04D-F433-4346-8410-CF1420058D03}.Debug|x86.Deploy.0 = Debug|x86
		{21DCB04D-F433-4346-8410-CF1420058D03}.Release|Any CPU.ActiveCfg = Release|Any CPU
		{21DCB04D-F433-4346-8410-CF1420058D03}.Release|Any CPU.Build.0 = Release|Any CPU
		{21DCB04D-F433-4346-8410-CF1420058D03}.Release|Any CPU.Deploy.0 = Release|Any CPU
		{21DCB04D-F433-4346-8410-CF1420058D03}.Release|ARM.ActiveCfg = Release|ARM
		{21DCB04D-F433-4346-8410-CF1420058D03}.Release|ARM.Build.0 = Release|ARM
		{21DCB04D-F433-4346-8410-CF1420058D03}.Release|ARM.Deploy.0 = Release|ARM
		{21DCB04D-F433-4346-8410-CF1420058D03}.Release|iPhone.ActiveCfg = Release|Any CPU
		{21DCB04D-F433-4346-8410-CF1420058D03}.Release|iPhone.Build.0 = Release|Any CPU
		{21DCB04D-F433-4346-8410-CF1420058D03}.Release|iPhone.Deploy.0 = Release|Any CPU
		{21DCB04D-F433-4346-8410-CF1420058D03}.Release|iPhoneSimulator.ActiveCfg = Release|Any CPU
		{21DCB04D-F433-4346-8410-CF1420058D03}.Release|iPhoneSimulator.Build.0 = Release|Any CPU
		{21DCB04D-F433-4346-8410-CF1420058D03}.Release|iPhoneSimulator.Deploy.0 = Release|Any CPU
		{21DCB04D-F433-4346-8410-CF1420058D03}.Release|x64.ActiveCfg = Release|Any CPU
		{21DCB04D-F433-4346-8410-CF1420058D03}.Release|x64.Build.0 = Release|Any CPU
		{21DCB04D-F433-4346-8410-CF1420058D03}.Release|x64.Deploy.0 = Release|Any CPU
		{21DCB04D-F433-4346-8410-CF1420058D03}.Release|x86.ActiveCfg = Release|x86
		{21DCB04D-F433-4346-8410-CF1420058D03}.Release|x86.Build.0 = Release|x86
		{21DCB04D-F433-4346-8410-CF1420058D03}.Release|x86.Deploy.0 = Release|x86
		{D7DD3773-0BF3-40F2-826C-6E3D0600D00D}.Ad-Hoc|Any CPU.ActiveCfg = Release|x86
		{D7DD3773-0BF3-40F2-826C-6E3D0600D00D}.Ad-Hoc|Any CPU.Build.0 = Release|x86
		{D7DD3773-0BF3-40F2-826C-6E3D0600D00D}.Ad-Hoc|Any CPU.Deploy.0 = Release|x86
		{D7DD3773-0BF3-40F2-826C-6E3D0600D00D}.Ad-Hoc|ARM.ActiveCfg = Release|ARM
		{D7DD3773-0BF3-40F2-826C-6E3D0600D00D}.Ad-Hoc|ARM.Build.0 = Release|ARM
		{D7DD3773-0BF3-40F2-826C-6E3D0600D00D}.Ad-Hoc|ARM.Deploy.0 = Release|ARM
		{D7DD3773-0BF3-40F2-826C-6E3D0600D00D}.Ad-Hoc|iPhone.ActiveCfg = Release|x86
		{D7DD3773-0BF3-40F2-826C-6E3D0600D00D}.Ad-Hoc|iPhone.Build.0 = Release|x86
		{D7DD3773-0BF3-40F2-826C-6E3D0600D00D}.Ad-Hoc|iPhone.Deploy.0 = Release|x86
		{D7DD3773-0BF3-40F2-826C-6E3D0600D00D}.Ad-Hoc|iPhoneSimulator.ActiveCfg = Release|x86
		{D7DD3773-0BF3-40F2-826C-6E3D0600D00D}.Ad-Hoc|iPhoneSimulator.Build.0 = Release|x86
		{D7DD3773-0BF3-40F2-826C-6E3D0600D00D}.Ad-Hoc|iPhoneSimulator.Deploy.0 = Release|x86
		{D7DD3773-0BF3-40F2-826C-6E3D0600D00D}.Ad-Hoc|x64.ActiveCfg = Release|x64
		{D7DD3773-0BF3-40F2-826C-6E3D0600D00D}.Ad-Hoc|x64.Build.0 = Release|x64
		{D7DD3773-0BF3-40F2-826C-6E3D0600D00D}.Ad-Hoc|x64.Deploy.0 = Release|x64
		{D7DD3773-0BF3-40F2-826C-6E3D0600D00D}.Ad-Hoc|x86.ActiveCfg = Release|x86
		{D7DD3773-0BF3-40F2-826C-6E3D0600D00D}.Ad-Hoc|x86.Build.0 = Release|x86
		{D7DD3773-0BF3-40F2-826C-6E3D0600D00D}.Ad-Hoc|x86.Deploy.0 = Release|x86
		{D7DD3773-0BF3-40F2-826C-6E3D0600D00D}.AppStore|Any CPU.ActiveCfg = Release|x86
		{D7DD3773-0BF3-40F2-826C-6E3D0600D00D}.AppStore|Any CPU.Build.0 = Release|x86
		{D7DD3773-0BF3-40F2-826C-6E3D0600D00D}.AppStore|Any CPU.Deploy.0 = Release|x86
		{D7DD3773-0BF3-40F2-826C-6E3D0600D00D}.AppStore|ARM.ActiveCfg = Release|ARM
		{D7DD3773-0BF3-40F2-826C-6E3D0600D00D}.AppStore|ARM.Build.0 = Release|ARM
		{D7DD3773-0BF3-40F2-826C-6E3D0600D00D}.AppStore|ARM.Deploy.0 = Release|ARM
		{D7DD3773-0BF3-40F2-826C-6E3D0600D00D}.AppStore|iPhone.ActiveCfg = Release|x86
		{D7DD3773-0BF3-40F2-826C-6E3D0600D00D}.AppStore|iPhone.Build.0 = Release|x86
		{D7DD3773-0BF3-40F2-826C-6E3D0600D00D}.AppStore|iPhone.Deploy.0 = Release|x86
		{D7DD3773-0BF3-40F2-826C-6E3D0600D00D}.AppStore|iPhoneSimulator.ActiveCfg = Release|x86
		{D7DD3773-0BF3-40F2-826C-6E3D0600D00D}.AppStore|iPhoneSimulator.Build.0 = Release|x86
		{D7DD3773-0BF3-40F2-826C-6E3D0600D00D}.AppStore|iPhoneSimulator.Deploy.0 = Release|x86
		{D7DD3773-0BF3-40F2-826C-6E3D0600D00D}.AppStore|x64.ActiveCfg = Release|x64
		{D7DD3773-0BF3-40F2-826C-6E3D0600D00D}.AppStore|x64.Build.0 = Release|x64
		{D7DD3773-0BF3-40F2-826C-6E3D0600D00D}.AppStore|x64.Deploy.0 = Release|x64
		{D7DD3773-0BF3-40F2-826C-6E3D0600D00D}.AppStore|x86.ActiveCfg = Release|x86
		{D7DD3773-0BF3-40F2-826C-6E3D0600D00D}.AppStore|x86.Build.0 = Release|x86
		{D7DD3773-0BF3-40F2-826C-6E3D0600D00D}.AppStore|x86.Deploy.0 = Release|x86
		{D7DD3773-0BF3-40F2-826C-6E3D0600D00D}.Debug|Any CPU.ActiveCfg = Debug|x86
		{D7DD3773-0BF3-40F2-826C-6E3D0600D00D}.Debug|ARM.ActiveCfg = Debug|ARM
		{D7DD3773-0BF3-40F2-826C-6E3D0600D00D}.Debug|ARM.Build.0 = Debug|ARM
		{D7DD3773-0BF3-40F2-826C-6E3D0600D00D}.Debug|ARM.Deploy.0 = Debug|ARM
		{D7DD3773-0BF3-40F2-826C-6E3D0600D00D}.Debug|iPhone.ActiveCfg = Debug|x86
		{D7DD3773-0BF3-40F2-826C-6E3D0600D00D}.Debug|iPhoneSimulator.ActiveCfg = Debug|x86
		{D7DD3773-0BF3-40F2-826C-6E3D0600D00D}.Debug|x64.ActiveCfg = Debug|x64
		{D7DD3773-0BF3-40F2-826C-6E3D0600D00D}.Debug|x64.Build.0 = Debug|x64
		{D7DD3773-0BF3-40F2-826C-6E3D0600D00D}.Debug|x64.Deploy.0 = Debug|x64
		{D7DD3773-0BF3-40F2-826C-6E3D0600D00D}.Debug|x86.ActiveCfg = Debug|x86
		{D7DD3773-0BF3-40F2-826C-6E3D0600D00D}.Debug|x86.Build.0 = Debug|x86
		{D7DD3773-0BF3-40F2-826C-6E3D0600D00D}.Debug|x86.Deploy.0 = Debug|x86
		{D7DD3773-0BF3-40F2-826C-6E3D0600D00D}.Release|Any CPU.ActiveCfg = Release|x86
		{D7DD3773-0BF3-40F2-826C-6E3D0600D00D}.Release|ARM.ActiveCfg = Release|ARM
		{D7DD3773-0BF3-40F2-826C-6E3D0600D00D}.Release|ARM.Build.0 = Release|ARM
		{D7DD3773-0BF3-40F2-826C-6E3D0600D00D}.Release|ARM.Deploy.0 = Release|ARM
		{D7DD3773-0BF3-40F2-826C-6E3D0600D00D}.Release|iPhone.ActiveCfg = Release|x86
		{D7DD3773-0BF3-40F2-826C-6E3D0600D00D}.Release|iPhoneSimulator.ActiveCfg = Release|x86
		{D7DD3773-0BF3-40F2-826C-6E3D0600D00D}.Release|x64.ActiveCfg = Release|x64
		{D7DD3773-0BF3-40F2-826C-6E3D0600D00D}.Release|x64.Build.0 = Release|x64
		{D7DD3773-0BF3-40F2-826C-6E3D0600D00D}.Release|x64.Deploy.0 = Release|x64
		{D7DD3773-0BF3-40F2-826C-6E3D0600D00D}.Release|x86.ActiveCfg = Release|x86
		{D7DD3773-0BF3-40F2-826C-6E3D0600D00D}.Release|x86.Build.0 = Release|x86
		{D7DD3773-0BF3-40F2-826C-6E3D0600D00D}.Release|x86.Deploy.0 = Release|x86
		{BD4054E0-F843-4DEE-9027-C1732F0C7932}.Ad-Hoc|Any CPU.ActiveCfg = Release|Any CPU
		{BD4054E0-F843-4DEE-9027-C1732F0C7932}.Ad-Hoc|Any CPU.Build.0 = Release|Any CPU
		{BD4054E0-F843-4DEE-9027-C1732F0C7932}.Ad-Hoc|Any CPU.Deploy.0 = Release|Any CPU
		{BD4054E0-F843-4DEE-9027-C1732F0C7932}.Ad-Hoc|ARM.ActiveCfg = Release|ARM
		{BD4054E0-F843-4DEE-9027-C1732F0C7932}.Ad-Hoc|ARM.Build.0 = Release|ARM
		{BD4054E0-F843-4DEE-9027-C1732F0C7932}.Ad-Hoc|ARM.Deploy.0 = Release|ARM
		{BD4054E0-F843-4DEE-9027-C1732F0C7932}.Ad-Hoc|iPhone.ActiveCfg = Release|Any CPU
		{BD4054E0-F843-4DEE-9027-C1732F0C7932}.Ad-Hoc|iPhone.Build.0 = Release|Any CPU
		{BD4054E0-F843-4DEE-9027-C1732F0C7932}.Ad-Hoc|iPhone.Deploy.0 = Release|Any CPU
		{BD4054E0-F843-4DEE-9027-C1732F0C7932}.Ad-Hoc|iPhoneSimulator.ActiveCfg = Release|Any CPU
		{BD4054E0-F843-4DEE-9027-C1732F0C7932}.Ad-Hoc|iPhoneSimulator.Build.0 = Release|Any CPU
		{BD4054E0-F843-4DEE-9027-C1732F0C7932}.Ad-Hoc|iPhoneSimulator.Deploy.0 = Release|Any CPU
		{BD4054E0-F843-4DEE-9027-C1732F0C7932}.Ad-Hoc|x64.ActiveCfg = Release|x64
		{BD4054E0-F843-4DEE-9027-C1732F0C7932}.Ad-Hoc|x64.Build.0 = Release|x64
		{BD4054E0-F843-4DEE-9027-C1732F0C7932}.Ad-Hoc|x64.Deploy.0 = Release|x64
		{BD4054E0-F843-4DEE-9027-C1732F0C7932}.Ad-Hoc|x86.ActiveCfg = Release|x86
		{BD4054E0-F843-4DEE-9027-C1732F0C7932}.Ad-Hoc|x86.Build.0 = Release|x86
		{BD4054E0-F843-4DEE-9027-C1732F0C7932}.Ad-Hoc|x86.Deploy.0 = Release|x86
		{BD4054E0-F843-4DEE-9027-C1732F0C7932}.AppStore|Any CPU.ActiveCfg = Release|Any CPU
		{BD4054E0-F843-4DEE-9027-C1732F0C7932}.AppStore|Any CPU.Build.0 = Release|Any CPU
		{BD4054E0-F843-4DEE-9027-C1732F0C7932}.AppStore|Any CPU.Deploy.0 = Release|Any CPU
		{BD4054E0-F843-4DEE-9027-C1732F0C7932}.AppStore|ARM.ActiveCfg = Release|ARM
		{BD4054E0-F843-4DEE-9027-C1732F0C7932}.AppStore|ARM.Build.0 = Release|ARM
		{BD4054E0-F843-4DEE-9027-C1732F0C7932}.AppStore|ARM.Deploy.0 = Release|ARM
		{BD4054E0-F843-4DEE-9027-C1732F0C7932}.AppStore|iPhone.ActiveCfg = Release|Any CPU
		{BD4054E0-F843-4DEE-9027-C1732F0C7932}.AppStore|iPhone.Build.0 = Release|Any CPU
		{BD4054E0-F843-4DEE-9027-C1732F0C7932}.AppStore|iPhone.Deploy.0 = Release|Any CPU
		{BD4054E0-F843-4DEE-9027-C1732F0C7932}.AppStore|iPhoneSimulator.ActiveCfg = Release|Any CPU
		{BD4054E0-F843-4DEE-9027-C1732F0C7932}.AppStore|iPhoneSimulator.Build.0 = Release|Any CPU
		{BD4054E0-F843-4DEE-9027-C1732F0C7932}.AppStore|iPhoneSimulator.Deploy.0 = Release|Any CPU
		{BD4054E0-F843-4DEE-9027-C1732F0C7932}.AppStore|x64.ActiveCfg = Release|x64
		{BD4054E0-F843-4DEE-9027-C1732F0C7932}.AppStore|x64.Build.0 = Release|x64
		{BD4054E0-F843-4DEE-9027-C1732F0C7932}.AppStore|x64.Deploy.0 = Release|x64
		{BD4054E0-F843-4DEE-9027-C1732F0C7932}.AppStore|x86.ActiveCfg = Release|x86
		{BD4054E0-F843-4DEE-9027-C1732F0C7932}.AppStore|x86.Build.0 = Release|x86
		{BD4054E0-F843-4DEE-9027-C1732F0C7932}.AppStore|x86.Deploy.0 = Release|x86
		{BD4054E0-F843-4DEE-9027-C1732F0C7932}.Debug|Any CPU.ActiveCfg = Debug|Any CPU
		{BD4054E0-F843-4DEE-9027-C1732F0C7932}.Debug|Any CPU.Build.0 = Debug|Any CPU
		{BD4054E0-F843-4DEE-9027-C1732F0C7932}.Debug|Any CPU.Deploy.0 = Debug|Any CPU
		{BD4054E0-F843-4DEE-9027-C1732F0C7932}.Debug|ARM.ActiveCfg = Debug|ARM
		{BD4054E0-F843-4DEE-9027-C1732F0C7932}.Debug|ARM.Build.0 = Debug|ARM
		{BD4054E0-F843-4DEE-9027-C1732F0C7932}.Debug|ARM.Deploy.0 = Debug|ARM
		{BD4054E0-F843-4DEE-9027-C1732F0C7932}.Debug|iPhone.ActiveCfg = Debug|Any CPU
		{BD4054E0-F843-4DEE-9027-C1732F0C7932}.Debug|iPhone.Build.0 = Debug|Any CPU
		{BD4054E0-F843-4DEE-9027-C1732F0C7932}.Debug|iPhone.Deploy.0 = Debug|Any CPU
		{BD4054E0-F843-4DEE-9027-C1732F0C7932}.Debug|iPhoneSimulator.ActiveCfg = Debug|Any CPU
		{BD4054E0-F843-4DEE-9027-C1732F0C7932}.Debug|iPhoneSimulator.Build.0 = Debug|Any CPU
		{BD4054E0-F843-4DEE-9027-C1732F0C7932}.Debug|iPhoneSimulator.Deploy.0 = Debug|Any CPU
		{BD4054E0-F843-4DEE-9027-C1732F0C7932}.Debug|x64.ActiveCfg = Debug|x64
		{BD4054E0-F843-4DEE-9027-C1732F0C7932}.Debug|x64.Build.0 = Debug|x64
		{BD4054E0-F843-4DEE-9027-C1732F0C7932}.Debug|x64.Deploy.0 = Debug|x64
		{BD4054E0-F843-4DEE-9027-C1732F0C7932}.Debug|x86.ActiveCfg = Debug|x86
		{BD4054E0-F843-4DEE-9027-C1732F0C7932}.Debug|x86.Build.0 = Debug|x86
		{BD4054E0-F843-4DEE-9027-C1732F0C7932}.Debug|x86.Deploy.0 = Debug|x86
		{BD4054E0-F843-4DEE-9027-C1732F0C7932}.Release|Any CPU.ActiveCfg = Release|Any CPU
		{BD4054E0-F843-4DEE-9027-C1732F0C7932}.Release|Any CPU.Build.0 = Release|Any CPU
		{BD4054E0-F843-4DEE-9027-C1732F0C7932}.Release|Any CPU.Deploy.0 = Release|Any CPU
		{BD4054E0-F843-4DEE-9027-C1732F0C7932}.Release|ARM.ActiveCfg = Release|ARM
		{BD4054E0-F843-4DEE-9027-C1732F0C7932}.Release|ARM.Build.0 = Release|ARM
		{BD4054E0-F843-4DEE-9027-C1732F0C7932}.Release|ARM.Deploy.0 = Release|ARM
		{BD4054E0-F843-4DEE-9027-C1732F0C7932}.Release|iPhone.ActiveCfg = Release|Any CPU
		{BD4054E0-F843-4DEE-9027-C1732F0C7932}.Release|iPhone.Build.0 = Release|Any CPU
		{BD4054E0-F843-4DEE-9027-C1732F0C7932}.Release|iPhone.Deploy.0 = Release|Any CPU
		{BD4054E0-F843-4DEE-9027-C1732F0C7932}.Release|iPhoneSimulator.ActiveCfg = Release|Any CPU
		{BD4054E0-F843-4DEE-9027-C1732F0C7932}.Release|iPhoneSimulator.Build.0 = Release|Any CPU
		{BD4054E0-F843-4DEE-9027-C1732F0C7932}.Release|iPhoneSimulator.Deploy.0 = Release|Any CPU
		{BD4054E0-F843-4DEE-9027-C1732F0C7932}.Release|x64.ActiveCfg = Release|x64
		{BD4054E0-F843-4DEE-9027-C1732F0C7932}.Release|x64.Build.0 = Release|x64
		{BD4054E0-F843-4DEE-9027-C1732F0C7932}.Release|x64.Deploy.0 = Release|x64
		{BD4054E0-F843-4DEE-9027-C1732F0C7932}.Release|x86.ActiveCfg = Release|x86
		{BD4054E0-F843-4DEE-9027-C1732F0C7932}.Release|x86.Build.0 = Release|x86
		{BD4054E0-F843-4DEE-9027-C1732F0C7932}.Release|x86.Deploy.0 = Release|x86
		{7D157C3D-4539-4903-AB77-841305224A6F}.Ad-Hoc|Any CPU.ActiveCfg = Release|Any CPU
		{7D157C3D-4539-4903-AB77-841305224A6F}.Ad-Hoc|Any CPU.Build.0 = Release|Any CPU
		{7D157C3D-4539-4903-AB77-841305224A6F}.Ad-Hoc|ARM.ActiveCfg = Release|Any CPU
		{7D157C3D-4539-4903-AB77-841305224A6F}.Ad-Hoc|ARM.Build.0 = Release|Any CPU
		{7D157C3D-4539-4903-AB77-841305224A6F}.Ad-Hoc|iPhone.ActiveCfg = Release|Any CPU
		{7D157C3D-4539-4903-AB77-841305224A6F}.Ad-Hoc|iPhone.Build.0 = Release|Any CPU
		{7D157C3D-4539-4903-AB77-841305224A6F}.Ad-Hoc|iPhoneSimulator.ActiveCfg = Release|Any CPU
		{7D157C3D-4539-4903-AB77-841305224A6F}.Ad-Hoc|iPhoneSimulator.Build.0 = Release|Any CPU
		{7D157C3D-4539-4903-AB77-841305224A6F}.Ad-Hoc|x64.ActiveCfg = Release|Any CPU
		{7D157C3D-4539-4903-AB77-841305224A6F}.Ad-Hoc|x64.Build.0 = Release|Any CPU
		{7D157C3D-4539-4903-AB77-841305224A6F}.Ad-Hoc|x86.ActiveCfg = Release|Any CPU
		{7D157C3D-4539-4903-AB77-841305224A6F}.Ad-Hoc|x86.Build.0 = Release|Any CPU
		{7D157C3D-4539-4903-AB77-841305224A6F}.AppStore|Any CPU.ActiveCfg = Release|Any CPU
		{7D157C3D-4539-4903-AB77-841305224A6F}.AppStore|Any CPU.Build.0 = Release|Any CPU
		{7D157C3D-4539-4903-AB77-841305224A6F}.AppStore|ARM.ActiveCfg = Release|Any CPU
		{7D157C3D-4539-4903-AB77-841305224A6F}.AppStore|ARM.Build.0 = Release|Any CPU
		{7D157C3D-4539-4903-AB77-841305224A6F}.AppStore|iPhone.ActiveCfg = Release|Any CPU
		{7D157C3D-4539-4903-AB77-841305224A6F}.AppStore|iPhone.Build.0 = Release|Any CPU
		{7D157C3D-4539-4903-AB77-841305224A6F}.AppStore|iPhoneSimulator.ActiveCfg = Release|Any CPU
		{7D157C3D-4539-4903-AB77-841305224A6F}.AppStore|iPhoneSimulator.Build.0 = Release|Any CPU
		{7D157C3D-4539-4903-AB77-841305224A6F}.AppStore|x64.ActiveCfg = Release|Any CPU
		{7D157C3D-4539-4903-AB77-841305224A6F}.AppStore|x64.Build.0 = Release|Any CPU
		{7D157C3D-4539-4903-AB77-841305224A6F}.AppStore|x86.ActiveCfg = Release|Any CPU
		{7D157C3D-4539-4903-AB77-841305224A6F}.AppStore|x86.Build.0 = Release|Any CPU
		{7D157C3D-4539-4903-AB77-841305224A6F}.Debug|Any CPU.ActiveCfg = Debug|Any CPU
		{7D157C3D-4539-4903-AB77-841305224A6F}.Debug|Any CPU.Build.0 = Debug|Any CPU
		{7D157C3D-4539-4903-AB77-841305224A6F}.Debug|ARM.ActiveCfg = Debug|Any CPU
		{7D157C3D-4539-4903-AB77-841305224A6F}.Debug|ARM.Build.0 = Debug|Any CPU
		{7D157C3D-4539-4903-AB77-841305224A6F}.Debug|iPhone.ActiveCfg = Debug|Any CPU
		{7D157C3D-4539-4903-AB77-841305224A6F}.Debug|iPhone.Build.0 = Debug|Any CPU
		{7D157C3D-4539-4903-AB77-841305224A6F}.Debug|iPhoneSimulator.ActiveCfg = Debug|Any CPU
		{7D157C3D-4539-4903-AB77-841305224A6F}.Debug|iPhoneSimulator.Build.0 = Debug|Any CPU
		{7D157C3D-4539-4903-AB77-841305224A6F}.Debug|x64.ActiveCfg = Debug|Any CPU
		{7D157C3D-4539-4903-AB77-841305224A6F}.Debug|x64.Build.0 = Debug|Any CPU
		{7D157C3D-4539-4903-AB77-841305224A6F}.Debug|x86.ActiveCfg = Debug|Any CPU
		{7D157C3D-4539-4903-AB77-841305224A6F}.Debug|x86.Build.0 = Debug|Any CPU
		{7D157C3D-4539-4903-AB77-841305224A6F}.Release|Any CPU.ActiveCfg = Release|Any CPU
		{7D157C3D-4539-4903-AB77-841305224A6F}.Release|Any CPU.Build.0 = Release|Any CPU
		{7D157C3D-4539-4903-AB77-841305224A6F}.Release|ARM.ActiveCfg = Release|Any CPU
		{7D157C3D-4539-4903-AB77-841305224A6F}.Release|ARM.Build.0 = Release|Any CPU
		{7D157C3D-4539-4903-AB77-841305224A6F}.Release|iPhone.ActiveCfg = Release|Any CPU
		{7D157C3D-4539-4903-AB77-841305224A6F}.Release|iPhone.Build.0 = Release|Any CPU
		{7D157C3D-4539-4903-AB77-841305224A6F}.Release|iPhoneSimulator.ActiveCfg = Release|Any CPU
		{7D157C3D-4539-4903-AB77-841305224A6F}.Release|iPhoneSimulator.Build.0 = Release|Any CPU
		{7D157C3D-4539-4903-AB77-841305224A6F}.Release|x64.ActiveCfg = Release|Any CPU
		{7D157C3D-4539-4903-AB77-841305224A6F}.Release|x64.Build.0 = Release|Any CPU
		{7D157C3D-4539-4903-AB77-841305224A6F}.Release|x86.ActiveCfg = Release|Any CPU
		{7D157C3D-4539-4903-AB77-841305224A6F}.Release|x86.Build.0 = Release|Any CPU
	EndGlobalSection
	GlobalSection(SolutionProperties) = preSolution
		HideSolutionNode = FALSE
	EndGlobalSection
EndGlobal
